
Microsoft Visual Studio Solution File, Format Version 12.00
# Visual Studio Version 17
VisualStudioVersion = 17.5.002.0
MinimumVisualStudioVersion = 10.0.40219.1
Project("{2150E333-8FDC-42A3-9474-1A3956D46DE8}") = "csharp-prep", "csharp-prep", "{5230BF44-0B9C-4399-B23D-435C9DCDBB81}"
EndProject
Project("{9A19103F-16F7-4668-BE54-9A1E7A4F7556}") = "Prep1", "csharp-prep\Prep1\Prep1.csproj", "{A1E15FE3-EE9E-4707-9690-DF74DE0765E3}"
EndProject
Project("{9A19103F-16F7-4668-BE54-9A1E7A4F7556}") = "Prep2", "csharp-prep\Prep2\Prep2.csproj", "{DE96FAB8-AB7F-464B-A218-1729872933CE}"
EndProject
Project("{9A19103F-16F7-4668-BE54-9A1E7A4F7556}") = "Prep3", "csharp-prep\Prep3\Prep3.csproj", "{97C35357-F180-4A19-AA21-234C286E5BBE}"
EndProject
Project("{9A19103F-16F7-4668-BE54-9A1E7A4F7556}") = "Prep4", "csharp-prep\Prep4\Prep4.csproj", "{1F46C692-D847-4952-9E6E-EE7C1F4AC4AA}"
EndProject
Project("{9A19103F-16F7-4668-BE54-9A1E7A4F7556}") = "Prep5", "csharp-prep\Prep5\Prep5.csproj", "{C2EFCE34-546C-48CB-A45B-68A0103D8742}"
EndProject
Project("{2150E333-8FDC-42A3-9474-1A3956D46DE8}") = "final", "final", "{C1921652-4D0C-42E1-AB6F-7889822343E2}"
EndProject
Project("{9A19103F-16F7-4668-BE54-9A1E7A4F7556}") = "FinalProject", "final\FinalProject\FinalProject.csproj", "{17E97A46-7CF4-4051-A3A1-7C67CAC193C5}"
EndProject
Project("{9A19103F-16F7-4668-BE54-9A1E7A4F7556}") = "Foundation1", "final\Foundation1\Foundation1.csproj", "{AA82C6FF-8558-4A64-914C-35318214BA99}"
EndProject
Project("{9A19103F-16F7-4668-BE54-9A1E7A4F7556}") = "Foundation2", "final\Foundation2\Foundation2.csproj", "{D2A3AC6F-9D3E-4C05-A1E2-0F94297A8BFB}"
EndProject
Project("{9A19103F-16F7-4668-BE54-9A1E7A4F7556}") = "Foundation3", "final\Foundation3\Foundation3.csproj", "{B7C1720A-73AF-43E7-A07B-6EB88B69ED46}"
EndProject
Project("{9A19103F-16F7-4668-BE54-9A1E7A4F7556}") = "Foundation4", "final\Foundation4\Foundation4.csproj", "{1924D351-0601-472A-9700-46C0E8E1890A}"
EndProject
Project("{2150E333-8FDC-42A3-9474-1A3956D46DE8}") = "prepare", "prepare", "{447C82F1-4810-4CAD-AADD-256C9A9890B2}"
EndProject
Project("{9A19103F-16F7-4668-BE54-9A1E7A4F7556}") = "Learning02", "prepare\Learning02\Learning02.csproj", "{B90790D9-A4A3-4562-96CF-8B0D812CBA5B}"
EndProject
Project("{9A19103F-16F7-4668-BE54-9A1E7A4F7556}") = "Learning03", "prepare\Learning03\Learning03.csproj", "{3DCF011D-8380-4A73-8417-0A60BFD07EF1}"
EndProject
Project("{9A19103F-16F7-4668-BE54-9A1E7A4F7556}") = "Learning04", "prepare\Learning04\Learning04.csproj", "{952D3D13-3E85-4CAA-8BEB-C035036012B5}"
EndProject
Project("{9A19103F-16F7-4668-BE54-9A1E7A4F7556}") = "Learning05", "prepare\Learning05\Learning05.csproj", "{0990291E-CBE7-4F51-BBB0-18F9490EFF02}"
EndProject
Project("{2150E333-8FDC-42A3-9474-1A3956D46DE8}") = "prove", "prove", "{678EC0B1-0077-4DC3-9E8F-022E98B7C60D}"
EndProject
Project("{9A19103F-16F7-4668-BE54-9A1E7A4F7556}") = "Develop02", "prove\Develop02\Develop02.csproj", "{B685DD3E-7687-456D-98D8-496D5CB893F0}"
EndProject
Project("{9A19103F-16F7-4668-BE54-9A1E7A4F7556}") = "Develop03", "prove\Develop03\Develop03.csproj", "{16803720-996E-4ABB-B445-9AD2039A543E}"
EndProject
Project("{9A19103F-16F7-4668-BE54-9A1E7A4F7556}") = "Develop04", "prove\Develop04\Develop04.csproj", "{3A1F32F2-51BF-4D8F-A803-3E740B6742BE}"
EndProject
Project("{9A19103F-16F7-4668-BE54-9A1E7A4F7556}") = "Develop05", "prove\Develop05\Develop05.csproj", "{41B6160B-8858-40E0-8660-EC3D78061043}"
EndProject
Project("{2150E333-8FDC-42A3-9474-1A3956D46DE8}") = "sandbox", "sandbox", "{007F65C2-8A7F-4E13-A749-484E2B237DF1}"
EndProject
Project("{9A19103F-16F7-4668-BE54-9A1E7A4F7556}") = "Sandbox", "sandbox\Sandbox\Sandbox.csproj", "{A7810751-EED9-4774-B64B-044E434AB805}"
EndProject
Global
	GlobalSection(SolutionConfigurationPlatforms) = preSolution
		Debug|Any CPU = Debug|Any CPU
		Release|Any CPU = Release|Any CPU
	EndGlobalSection
	GlobalSection(ProjectConfigurationPlatforms) = postSolution
		{A1E15FE3-EE9E-4707-9690-DF74DE0765E3}.Debug|Any CPU.ActiveCfg = Debug|Any CPU
		{A1E15FE3-EE9E-4707-9690-DF74DE0765E3}.Debug|Any CPU.Build.0 = Debug|Any CPU
		{A1E15FE3-EE9E-4707-9690-DF74DE0765E3}.Release|Any CPU.ActiveCfg = Release|Any CPU
		{A1E15FE3-EE9E-4707-9690-DF74DE0765E3}.Release|Any CPU.Build.0 = Release|Any CPU
		{DE96FAB8-AB7F-464B-A218-1729872933CE}.Debug|Any CPU.ActiveCfg = Debug|Any CPU
		{DE96FAB8-AB7F-464B-A218-1729872933CE}.Debug|Any CPU.Build.0 = Debug|Any CPU
		{DE96FAB8-AB7F-464B-A218-1729872933CE}.Release|Any CPU.ActiveCfg = Release|Any CPU
		{DE96FAB8-AB7F-464B-A218-1729872933CE}.Release|Any CPU.Build.0 = Release|Any CPU
		{97C35357-F180-4A19-AA21-234C286E5BBE}.Debug|Any CPU.ActiveCfg = Debug|Any CPU
		{97C35357-F180-4A19-AA21-234C286E5BBE}.Debug|Any CPU.Build.0 = Debug|Any CPU
		{97C35357-F180-4A19-AA21-234C286E5BBE}.Release|Any CPU.ActiveCfg = Release|Any CPU
		{97C35357-F180-4A19-AA21-234C286E5BBE}.Release|Any CPU.Build.0 = Release|Any CPU
		{1F46C692-D847-4952-9E6E-EE7C1F4AC4AA}.Debug|Any CPU.ActiveCfg = Debug|Any CPU
		{1F46C692-D847-4952-9E6E-EE7C1F4AC4AA}.Debug|Any CPU.Build.0 = Debug|Any CPU
		{1F46C692-D847-4952-9E6E-EE7C1F4AC4AA}.Release|Any CPU.ActiveCfg = Release|Any CPU
		{1F46C692-D847-4952-9E6E-EE7C1F4AC4AA}.Release|Any CPU.Build.0 = Release|Any CPU
		{C2EFCE34-546C-48CB-A45B-68A0103D8742}.Debug|Any CPU.ActiveCfg = Debug|Any CPU
		{C2EFCE34-546C-48CB-A45B-68A0103D8742}.Debug|Any CPU.Build.0 = Debug|Any CPU
		{C2EFCE34-546C-48CB-A45B-68A0103D8742}.Release|Any CPU.ActiveCfg = Release|Any CPU
		{C2EFCE34-546C-48CB-A45B-68A0103D8742}.Release|Any CPU.Build.0 = Release|Any CPU
		{17E97A46-7CF4-4051-A3A1-7C67CAC193C5}.Debug|Any CPU.ActiveCfg = Debug|Any CPU
		{17E97A46-7CF4-4051-A3A1-7C67CAC193C5}.Debug|Any CPU.Build.0 = Debug|Any CPU
		{17E97A46-7CF4-4051-A3A1-7C67CAC193C5}.Release|Any CPU.ActiveCfg = Release|Any CPU
		{17E97A46-7CF4-4051-A3A1-7C67CAC193C5}.Release|Any CPU.Build.0 = Release|Any CPU
		{AA82C6FF-8558-4A64-914C-35318214BA99}.Debug|Any CPU.ActiveCfg = Debug|Any CPU
		{AA82C6FF-8558-4A64-914C-35318214BA99}.Debug|Any CPU.Build.0 = Debug|Any CPU
		{AA82C6FF-8558-4A64-914C-35318214BA99}.Release|Any CPU.ActiveCfg = Release|Any CPU
		{AA82C6FF-8558-4A64-914C-35318214BA99}.Release|Any CPU.Build.0 = Release|Any CPU
		{D2A3AC6F-9D3E-4C05-A1E2-0F94297A8BFB}.Debug|Any CPU.ActiveCfg = Debug|Any CPU
		{D2A3AC6F-9D3E-4C05-A1E2-0F94297A8BFB}.Debug|Any CPU.Build.0 = Debug|Any CPU
		{D2A3AC6F-9D3E-4C05-A1E2-0F94297A8BFB}.Release|Any CPU.ActiveCfg = Release|Any CPU
		{D2A3AC6F-9D3E-4C05-A1E2-0F94297A8BFB}.Release|Any CPU.Build.0 = Release|Any CPU
		{B7C1720A-73AF-43E7-A07B-6EB88B69ED46}.Debug|Any CPU.ActiveCfg = Debug|Any CPU
		{B7C1720A-73AF-43E7-A07B-6EB88B69ED46}.Debug|Any CPU.Build.0 = Debug|Any CPU
		{B7C1720A-73AF-43E7-A07B-6EB88B69ED46}.Release|Any CPU.ActiveCfg = Release|Any CPU
		{B7C1720A-73AF-43E7-A07B-6EB88B69ED46}.Release|Any CPU.Build.0 = Release|Any CPU
		{1924D351-0601-472A-9700-46C0E8E1890A}.Debug|Any CPU.ActiveCfg = Debug|Any CPU
		{1924D351-0601-472A-9700-46C0E8E1890A}.Debug|Any CPU.Build.0 = Debug|Any CPU
		{1924D351-0601-472A-9700-46C0E8E1890A}.Release|Any CPU.ActiveCfg = Release|Any CPU
		{1924D351-0601-472A-9700-46C0E8E1890A}.Release|Any CPU.Build.0 = Release|Any CPU
		{B90790D9-A4A3-4562-96CF-8B0D812CBA5B}.Debug|Any CPU.ActiveCfg = Debug|Any CPU
		{B90790D9-A4A3-4562-96CF-8B0D812CBA5B}.Debug|Any CPU.Build.0 = Debug|Any CPU
		{B90790D9-A4A3-4562-96CF-8B0D812CBA5B}.Release|Any CPU.ActiveCfg = Release|Any CPU
		{B90790D9-A4A3-4562-96CF-8B0D812CBA5B}.Release|Any CPU.Build.0 = Release|Any CPU
		{3DCF011D-8380-4A73-8417-0A60BFD07EF1}.Debug|Any CPU.ActiveCfg = Debug|Any CPU
		{3DCF011D-8380-4A73-8417-0A60BFD07EF1}.Debug|Any CPU.Build.0 = Debug|Any CPU
		{3DCF011D-8380-4A73-8417-0A60BFD07EF1}.Release|Any CPU.ActiveCfg = Release|Any CPU
		{3DCF011D-8380-4A73-8417-0A60BFD07EF1}.Release|Any CPU.Build.0 = Release|Any CPU
		{952D3D13-3E85-4CAA-8BEB-C035036012B5}.Debug|Any CPU.ActiveCfg = Debug|Any CPU
		{952D3D13-3E85-4CAA-8BEB-C035036012B5}.Debug|Any CPU.Build.0 = Debug|Any CPU
		{952D3D13-3E85-4CAA-8BEB-C035036012B5}.Release|Any CPU.ActiveCfg = Release|Any CPU
		{952D3D13-3E85-4CAA-8BEB-C035036012B5}.Release|Any CPU.Build.0 = Release|Any CPU
		{0990291E-CBE7-4F51-BBB0-18F9490EFF02}.Debug|Any CPU.ActiveCfg = Debug|Any CPU
		{0990291E-CBE7-4F51-BBB0-18F9490EFF02}.Debug|Any CPU.Build.0 = Debug|Any CPU
		{0990291E-CBE7-4F51-BBB0-18F9490EFF02}.Release|Any CPU.ActiveCfg = Release|Any CPU
		{0990291E-CBE7-4F51-BBB0-18F9490EFF02}.Release|Any CPU.Build.0 = Release|Any CPU
		{B685DD3E-7687-456D-98D8-496D5CB893F0}.Debug|Any CPU.ActiveCfg = Debug|Any CPU
		{B685DD3E-7687-456D-98D8-496D5CB893F0}.Debug|Any CPU.Build.0 = Debug|Any CPU
		{B685DD3E-7687-456D-98D8-496D5CB893F0}.Release|Any CPU.ActiveCfg = Release|Any CPU
		{B685DD3E-7687-456D-98D8-496D5CB893F0}.Release|Any CPU.Build.0 = Release|Any CPU
		{16803720-996E-4ABB-B445-9AD2039A543E}.Debug|Any CPU.ActiveCfg = Debug|Any CPU
		{16803720-996E-4ABB-B445-9AD2039A543E}.Debug|Any CPU.Build.0 = Debug|Any CPU
		{16803720-996E-4ABB-B445-9AD2039A543E}.Release|Any CPU.ActiveCfg = Release|Any CPU
		{16803720-996E-4ABB-B445-9AD2039A543E}.Release|Any CPU.Build.0 = Release|Any CPU
		{3A1F32F2-51BF-4D8F-A803-3E740B6742BE}.Debug|Any CPU.ActiveCfg = Debug|Any CPU
		{3A1F32F2-51BF-4D8F-A803-3E740B6742BE}.Debug|Any CPU.Build.0 = Debug|Any CPU
		{3A1F32F2-51BF-4D8F-A803-3E740B6742BE}.Release|Any CPU.ActiveCfg = Release|Any CPU
		{3A1F32F2-51BF-4D8F-A803-3E740B6742BE}.Release|Any CPU.Build.0 = Release|Any CPU
		{41B6160B-8858-40E0-8660-EC3D78061043}.Debug|Any CPU.ActiveCfg = Debug|Any CPU
		{41B6160B-8858-40E0-8660-EC3D78061043}.Debug|Any CPU.Build.0 = Debug|Any CPU
		{41B6160B-8858-40E0-8660-EC3D78061043}.Release|Any CPU.ActiveCfg = Release|Any CPU
		{41B6160B-8858-40E0-8660-EC3D78061043}.Release|Any CPU.Build.0 = Release|Any CPU
		{A7810751-EED9-4774-B64B-044E434AB805}.Debug|Any CPU.ActiveCfg = Debug|Any CPU
		{A7810751-EED9-4774-B64B-044E434AB805}.Debug|Any CPU.Build.0 = Debug|Any CPU
		{A7810751-EED9-4774-B64B-044E434AB805}.Release|Any CPU.ActiveCfg = Release|Any CPU
		{A7810751-EED9-4774-B64B-044E434AB805}.Release|Any CPU.Build.0 = Release|Any CPU
	EndGlobalSection
	GlobalSection(SolutionProperties) = preSolution
		HideSolutionNode = FALSE
	EndGlobalSection
	GlobalSection(NestedProjects) = preSolution
		{A1E15FE3-EE9E-4707-9690-DF74DE0765E3} = {5230BF44-0B9C-4399-B23D-435C9DCDBB81}
		{DE96FAB8-AB7F-464B-A218-1729872933CE} = {5230BF44-0B9C-4399-B23D-435C9DCDBB81}
		{97C35357-F180-4A19-AA21-234C286E5BBE} = {5230BF44-0B9C-4399-B23D-435C9DCDBB81}
		{1F46C692-D847-4952-9E6E-EE7C1F4AC4AA} = {5230BF44-0B9C-4399-B23D-435C9DCDBB81}
		{C2EFCE34-546C-48CB-A45B-68A0103D8742} = {5230BF44-0B9C-4399-B23D-435C9DCDBB81}
		{17E97A46-7CF4-4051-A3A1-7C67CAC193C5} = {C1921652-4D0C-42E1-AB6F-7889822343E2}
		{AA82C6FF-8558-4A64-914C-35318214BA99} = {C1921652-4D0C-42E1-AB6F-7889822343E2}
		{D2A3AC6F-9D3E-4C05-A1E2-0F94297A8BFB} = {C1921652-4D0C-42E1-AB6F-7889822343E2}
		{B7C1720A-73AF-43E7-A07B-6EB88B69ED46} = {C1921652-4D0C-42E1-AB6F-7889822343E2}
		{1924D351-0601-472A-9700-46C0E8E1890A} = {C1921652-4D0C-42E1-AB6F-7889822343E2}
		{B90790D9-A4A3-4562-96CF-8B0D812CBA5B} = {447C82F1-4810-4CAD-AADD-256C9A9890B2}
		{3DCF011D-8380-4A73-8417-0A60BFD07EF1} = {447C82F1-4810-4CAD-AADD-256C9A9890B2}
		{952D3D13-3E85-4CAA-8BEB-C035036012B5} = {447C82F1-4810-4CAD-AADD-256C9A9890B2}
		{0990291E-CBE7-4F51-BBB0-18F9490EFF02} = {447C82F1-4810-4CAD-AADD-256C9A9890B2}
		{B685DD3E-7687-456D-98D8-496D5CB893F0} = {678EC0B1-0077-4DC3-9E8F-022E98B7C60D}
		{16803720-996E-4ABB-B445-9AD2039A543E} = {678EC0B1-0077-4DC3-9E8F-022E98B7C60D}
		{3A1F32F2-51BF-4D8F-A803-3E740B6742BE} = {678EC0B1-0077-4DC3-9E8F-022E98B7C60D}
		{41B6160B-8858-40E0-8660-EC3D78061043} = {678EC0B1-0077-4DC3-9E8F-022E98B7C60D}
		{A7810751-EED9-4774-B64B-044E434AB805} = {007F65C2-8A7F-4E13-A749-484E2B237DF1}
	EndGlobalSection
	GlobalSection(ExtensibilityGlobals) = postSolution
		SolutionGuid = {8DBDB632-9909-4BF6-B2F1-5EE2CFCBF46B}
	EndGlobalSection
EndGlobal
